{
  "name": "create-react-app-lambda",
  "version": "0.5.0",
  "lockfileVersion": 1,
  "requires": true,
  "dependencies": {
    "challonge": {
      "version": "2.2.0",
      "resolved": "https://registry.npmjs.org/challonge/-/challonge-2.2.0.tgz",
      "integrity": "sha512-7OhS4yZiUWCU8CBoadlB5Vb5EMb1mQuEVXkE9P8f5YYCd0LC4z3WhDN5uCx0swdpltZhPStxFY+2ZztWiN696Q=="
    }
  }
}
